// !$*UTF8*$!
{
	archiveVersion = 1;
	classes = {
	};
	objectVersion = 56;
	objects = {

/* Begin PBXBuildFile section */
		CB3B47CD2BDA204B003A587F /* Appetizers.swift in Sources */ = {isa = PBXBuildFile; fileRef = CB3B47CC2BDA204B003A587F /* Appetizers.swift */; };
		CB417C252BE124180083E031 /* NetworkManager.swift in Sources */ = {isa = PBXBuildFile; fileRef = CB417C242BE124180083E031 /* NetworkManager.swift */; };
		CB417C282BE12C130083E031 /* Error.swift in Sources */ = {isa = PBXBuildFile; fileRef = CB417C272BE12C130083E031 /* Error.swift */; };
		CB6EC7302C1C68B800495550 /* LoadingView.swift in Sources */ = {isa = PBXBuildFile; fileRef = CB6EC72F2C1C68B800495550 /* LoadingView.swift */; };
		CB78FDA02BF4D1A200406171 /* Alerts.swift in Sources */ = {isa = PBXBuildFile; fileRef = CB78FD9F2BF4D1A200406171 /* Alerts.swift */; };
		CB78FDA22BF4DB2300406171 /* AppetizerViewModel.swift in Sources */ = {isa = PBXBuildFile; fileRef = CB78FDA12BF4DB2300406171 /* AppetizerViewModel.swift */; };
		CB9D2B262BCEFCBB00EB29A5 /* AppetizerApp.swift in Sources */ = {isa = PBXBuildFile; fileRef = CB9D2B252BCEFCBB00EB29A5 /* AppetizerApp.swift */; };
		CB9D2B282BCEFCBB00EB29A5 /* MainView.swift in Sources */ = {isa = PBXBuildFile; fileRef = CB9D2B272BCEFCBB00EB29A5 /* MainView.swift */; };
		CB9D2B2A2BCEFCBD00EB29A5 /* Assets.xcassets in Resources */ = {isa = PBXBuildFile; fileRef = CB9D2B292BCEFCBD00EB29A5 /* Assets.xcassets */; };
		CB9D2B2D2BCEFCBD00EB29A5 /* Preview Assets.xcassets in Resources */ = {isa = PBXBuildFile; fileRef = CB9D2B2C2BCEFCBD00EB29A5 /* Preview Assets.xcassets */; };
		CB9D2B342BCEFD5300EB29A5 /* HomeView.swift in Sources */ = {isa = PBXBuildFile; fileRef = CB9D2B332BCEFD5300EB29A5 /* HomeView.swift */; };
		CB9D2B362BCEFF5600EB29A5 /* OrderView.swift in Sources */ = {isa = PBXBuildFile; fileRef = CB9D2B352BCEFF5600EB29A5 /* OrderView.swift */; };
		CB9D2B382BCF003D00EB29A5 /* AccountView.swift in Sources */ = {isa = PBXBuildFile; fileRef = CB9D2B372BCF003D00EB29A5 /* AccountView.swift */; };
		CB9D2B3B2BCF04CD00EB29A5 /* MaterialTabBar.swift in Sources */ = {isa = PBXBuildFile; fileRef = CB9D2B3A2BCF04CD00EB29A5 /* MaterialTabBar.swift */; };
		CB9D2B3F2BCF053500EB29A5 /* TabBarContainer.swift in Sources */ = {isa = PBXBuildFile; fileRef = CB9D2B3E2BCF053500EB29A5 /* TabBarContainer.swift */; };
		CB9D2B412BCF05BB00EB29A5 /* TabBarItemPreferenceKey.swift in Sources */ = {isa = PBXBuildFile; fileRef = CB9D2B402BCF05BB00EB29A5 /* TabBarItemPreferenceKey.swift */; };
		CB9D2B432BCF05F800EB29A5 /* TabBarItem.swift in Sources */ = {isa = PBXBuildFile; fileRef = CB9D2B422BCF05F800EB29A5 /* TabBarItem.swift */; };
/* End PBXBuildFile section */

/* Begin PBXFileReference section */
		CB3B47CC2BDA204B003A587F /* Appetizers.swift */ = {isa = PBXFileReference; lastKnownFileType = sourcecode.swift; path = Appetizers.swift; sourceTree = "<group>"; };
		CB417C242BE124180083E031 /* NetworkManager.swift */ = {isa = PBXFileReference; lastKnownFileType = sourcecode.swift; path = NetworkManager.swift; sourceTree = "<group>"; };
		CB417C272BE12C130083E031 /* Error.swift */ = {isa = PBXFileReference; lastKnownFileType = sourcecode.swift; path = Error.swift; sourceTree = "<group>"; };
		CB6EC72F2C1C68B800495550 /* LoadingView.swift */ = {isa = PBXFileReference; lastKnownFileType = sourcecode.swift; path = LoadingView.swift; sourceTree = "<group>"; };
		CB78FD9F2BF4D1A200406171 /* Alerts.swift */ = {isa = PBXFileReference; lastKnownFileType = sourcecode.swift; path = Alerts.swift; sourceTree = "<group>"; };
		CB78FDA12BF4DB2300406171 /* AppetizerViewModel.swift */ = {isa = PBXFileReference; lastKnownFileType = sourcecode.swift; path = AppetizerViewModel.swift; sourceTree = "<group>"; };
		CB9D2B222BCEFCBB00EB29A5 /* Appetizer.app */ = {isa = PBXFileReference; explicitFileType = wrapper.application; includeInIndex = 0; path = Appetizer.app; sourceTree = BUILT_PRODUCTS_DIR; };
		CB9D2B252BCEFCBB00EB29A5 /* AppetizerApp.swift */ = {isa = PBXFileReference; lastKnownFileType = sourcecode.swift; path = AppetizerApp.swift; sourceTree = "<group>"; };
		CB9D2B272BCEFCBB00EB29A5 /* MainView.swift */ = {isa = PBXFileReference; lastKnownFileType = sourcecode.swift; path = MainView.swift; sourceTree = "<group>"; };
		CB9D2B292BCEFCBD00EB29A5 /* Assets.xcassets */ = {isa = PBXFileReference; lastKnownFileType = folder.assetcatalog; path = Assets.xcassets; sourceTree = "<group>"; };
		CB9D2B2C2BCEFCBD00EB29A5 /* Preview Assets.xcassets */ = {isa = PBXFileReference; lastKnownFileType = folder.assetcatalog; path = "Preview Assets.xcassets"; sourceTree = "<group>"; };
		CB9D2B332BCEFD5300EB29A5 /* HomeView.swift */ = {isa = PBXFileReference; lastKnownFileType = sourcecode.swift; path = HomeView.swift; sourceTree = "<group>"; };
		CB9D2B352BCEFF5600EB29A5 /* OrderView.swift */ = {isa = PBXFileReference; lastKnownFileType = sourcecode.swift; path = OrderView.swift; sourceTree = "<group>"; };
		CB9D2B372BCF003D00EB29A5 /* AccountView.swift */ = {isa = PBXFileReference; lastKnownFileType = sourcecode.swift; path = AccountView.swift; sourceTree = "<group>"; };
		CB9D2B3A2BCF04CD00EB29A5 /* MaterialTabBar.swift */ = {isa = PBXFileReference; lastKnownFileType = sourcecode.swift; path = MaterialTabBar.swift; sourceTree = "<group>"; };
		CB9D2B3E2BCF053500EB29A5 /* TabBarContainer.swift */ = {isa = PBXFileReference; lastKnownFileType = sourcecode.swift; path = TabBarContainer.swift; sourceTree = "<group>"; };
		CB9D2B402BCF05BB00EB29A5 /* TabBarItemPreferenceKey.swift */ = {isa = PBXFileReference; lastKnownFileType = sourcecode.swift; path = TabBarItemPreferenceKey.swift; sourceTree = "<group>"; };
		CB9D2B422BCF05F800EB29A5 /* TabBarItem.swift */ = {isa = PBXFileReference; lastKnownFileType = sourcecode.swift; path = TabBarItem.swift; sourceTree = "<group>"; };
/* End PBXFileReference section */

/* Begin PBXFrameworksBuildPhase section */
		CB9D2B1F2BCEFCBB00EB29A5 /* Frameworks */ = {
			isa = PBXFrameworksBuildPhase;
			buildActionMask = 2147483647;
			files = (
			);
			runOnlyForDeploymentPostprocessing = 0;
		};
/* End PBXFrameworksBuildPhase section */

/* Begin PBXGroup section */
		CB417C262BE12BF70083E031 /* Networking */ = {
			isa = PBXGroup;
			children = (
				CB417C242BE124180083E031 /* NetworkManager.swift */,
				CB417C272BE12C130083E031 /* Error.swift */,
			);
			path = Networking;
			sourceTree = "<group>";
		};
		CB9D2B192BCEFCBB00EB29A5 = {
			isa = PBXGroup;
			children = (
				CB3B47CC2BDA204B003A587F /* Appetizers.swift */,
				CB9D2B242BCEFCBB00EB29A5 /* Appetizer */,
				CB9D2B232BCEFCBB00EB29A5 /* Products */,
			);
			sourceTree = "<group>";
		};
		CB9D2B232BCEFCBB00EB29A5 /* Products */ = {
			isa = PBXGroup;
			children = (
				CB9D2B222BCEFCBB00EB29A5 /* Appetizer.app */,
			);
			name = Products;
			sourceTree = "<group>";
		};
		CB9D2B242BCEFCBB00EB29A5 /* Appetizer */ = {
			isa = PBXGroup;
			children = (
				CB9D2B252BCEFCBB00EB29A5 /* AppetizerApp.swift */,
				CB417C262BE12BF70083E031 /* Networking */,
				CB9D2B392BCF047D00EB29A5 /* Views */,
				CBBD290E2BCFCFAF0095F4FF /* TabBar */,
				CB9D2B292BCEFCBD00EB29A5 /* Assets.xcassets */,
				CB9D2B2B2BCEFCBD00EB29A5 /* Preview Content */,
				CB78FD9F2BF4D1A200406171 /* Alerts.swift */,
				CB78FDA12BF4DB2300406171 /* AppetizerViewModel.swift */,
			);
			path = Appetizer;
			sourceTree = "<group>";
		};
		CB9D2B2B2BCEFCBD00EB29A5 /* Preview Content */ = {
			isa = PBXGroup;
			children = (
				CB9D2B2C2BCEFCBD00EB29A5 /* Preview Assets.xcassets */,
			);
			path = "Preview Content";
			sourceTree = "<group>";
		};
		CB9D2B392BCF047D00EB29A5 /* Views */ = {
			isa = PBXGroup;
			children = (
				CB9D2B272BCEFCBB00EB29A5 /* MainView.swift */,
				CB9D2B332BCEFD5300EB29A5 /* HomeView.swift */,
				CB9D2B372BCF003D00EB29A5 /* AccountView.swift */,
				CB9D2B352BCEFF5600EB29A5 /* OrderView.swift */,
				CB6EC72F2C1C68B800495550 /* LoadingView.swift */,
			);
			path = Views;
			sourceTree = "<group>";
		};
		CBBD290E2BCFCFAF0095F4FF /* TabBar */ = {
			isa = PBXGroup;
			children = (
				CB9D2B3A2BCF04CD00EB29A5 /* MaterialTabBar.swift */,
				CB9D2B3E2BCF053500EB29A5 /* TabBarContainer.swift */,
				CB9D2B402BCF05BB00EB29A5 /* TabBarItemPreferenceKey.swift */,
				CB9D2B422BCF05F800EB29A5 /* TabBarItem.swift */,
			);
			path = TabBar;
			sourceTree = "<group>";
		};
/* End PBXGroup section */

/* Begin PBXNativeTarget section */
		CB9D2B212BCEFCBB00EB29A5 /* Appetizer */ = {
			isa = PBXNativeTarget;
			buildConfigurationList = CB9D2B302BCEFCBD00EB29A5 /* Build configuration list for PBXNativeTarget "Appetizer" */;
			buildPhases = (
				CB9D2B1E2BCEFCBB00EB29A5 /* Sources */,
				CB9D2B1F2BCEFCBB00EB29A5 /* Frameworks */,
				CB9D2B202BCEFCBB00EB29A5 /* Resources */,
			);
			buildRules = (
			);
			dependencies = (
			);
			name = Appetizer;
			productName = Appetizer;
			productReference = CB9D2B222BCEFCBB00EB29A5 /* Appetizer.app */;
			productType = "com.apple.product-type.application";
		};
/* End PBXNativeTarget section */

/* Begin PBXProject section */
		CB9D2B1A2BCEFCBB00EB29A5 /* Project object */ = {
			isa = PBXProject;
			attributes = {
				BuildIndependentTargetsInParallel = 1;
				LastSwiftUpdateCheck = 1530;
				LastUpgradeCheck = 1530;
				TargetAttributes = {
					CB9D2B212BCEFCBB00EB29A5 = {
						CreatedOnToolsVersion = 15.3;
					};
				};
			};
			buildConfigurationList = CB9D2B1D2BCEFCBB00EB29A5 /* Build configuration list for PBXProject "Appetizer" */;
			compatibilityVersion = "Xcode 14.0";
			developmentRegion = en;
			hasScannedForEncodings = 0;
			knownRegions = (
				en,
				Base,
			);
			mainGroup = CB9D2B192BCEFCBB00EB29A5;
			productRefGroup = CB9D2B232BCEFCBB00EB29A5 /* Products */;
			projectDirPath = "";
			projectRoot = "";
			targets = (
				CB9D2B212BCEFCBB00EB29A5 /* Appetizer */,
			);
		};
/* End PBXProject section */

/* Begin PBXResourcesBuildPhase section */
		CB9D2B202BCEFCBB00EB29A5 /* Resources */ = {
			isa = PBXResourcesBuildPhase;
			buildActionMask = 2147483647;
			files = (
				CB9D2B2D2BCEFCBD00EB29A5 /* Preview Assets.xcassets in Resources */,
				CB9D2B2A2BCEFCBD00EB29A5 /* Assets.xcassets in Resources */,
			);
			runOnlyForDeploymentPostprocessing = 0;
		};
/* End PBXResourcesBuildPhase section */

/* Begin PBXSourcesBuildPhase section */
		CB9D2B1E2BCEFCBB00EB29A5 /* Sources */ = {
			isa = PBXSourcesBuildPhase;
			buildActionMask = 2147483647;
			files = (
				CB9D2B3B2BCF04CD00EB29A5 /* MaterialTabBar.swift in Sources */,
				CB78FDA22BF4DB2300406171 /* AppetizerViewModel.swift in Sources */,
				CB9D2B342BCEFD5300EB29A5 /* HomeView.swift in Sources */,
				CB3B47CD2BDA204B003A587F /* Appetizers.swift in Sources */,
				CB9D2B432BCF05F800EB29A5 /* TabBarItem.swift in Sources */,
				CB417C282BE12C130083E031 /* Error.swift in Sources */,
				CB417C252BE124180083E031 /* NetworkManager.swift in Sources */,
				CB9D2B412BCF05BB00EB29A5 /* TabBarItemPreferenceKey.swift in Sources */,
				CB6EC7302C1C68B800495550 /* LoadingView.swift in Sources */,
				CB9D2B362BCEFF5600EB29A5 /* OrderView.swift in Sources */,
				CB78FDA02BF4D1A200406171 /* Alerts.swift in Sources */,
				CB9D2B282BCEFCBB00EB29A5 /* MainView.swift in Sources */,
				CB9D2B262BCEFCBB00EB29A5 /* AppetizerApp.swift in Sources */,
				CB9D2B382BCF003D00EB29A5 /* AccountView.swift in Sources */,
				CB9D2B3F2BCF053500EB29A5 /* TabBarContainer.swift in Sources */,
			);
			runOnlyForDeploymentPostprocessing = 0;
		};
/* End PBXSourcesBuildPhase section */

/* Begin XCBuildConfiguration section */
		CB9D2B2E2BCEFCBD00EB29A5 /* Debug */ = {
			isa = XCBuildConfiguration;
			buildSettings = {
				ALWAYS_SEARCH_USER_PATHS = NO;
				ASSETCATALOG_COMPILER_GENERATE_SWIFT_ASSET_SYMBOL_EXTENSIONS = YES;
				CLANG_ANALYZER_NONNULL = YES;
				CLANG_ANALYZER_NUMBER_OBJECT_CONVERSION = YES_AGGRESSIVE;
				CLANG_CXX_LANGUAGE_STANDARD = "gnu++20";
				CLANG_ENABLE_MODULES = YES;
				CLANG_ENABLE_OBJC_ARC = YES;
				CLANG_ENABLE_OBJC_WEAK = YES;
				CLANG_WARN_BLOCK_CAPTURE_AUTORELEASING = YES;
				CLANG_WARN_BOOL_CONVERSION = YES;
				CLANG_WARN_COMMA = YES;
				CLANG_WARN_CONSTANT_CONVERSION = YES;
				CLANG_WARN_DEPRECATED_OBJC_IMPLEMENTATIONS = YES;
				CLANG_WARN_DIRECT_OBJC_ISA_USAGE = YES_ERROR;
				CLANG_WARN_DOCUMENTATION_COMMENTS = YES;
				CLANG_WARN_EMPTY_BODY = YES;
				CLANG_WARN_ENUM_CONVERSION = YES;
				CLANG_WARN_INFINITE_RECURSION = YES;
				CLANG_WARN_INT_CONVERSION = YES;
				CLANG_WARN_NON_LITERAL_NULL_CONVERSION = YES;
				CLANG_WARN_OBJC_IMPLICIT_RETAIN_SELF = YES;
				CLANG_WARN_OBJC_LITERAL_CONVERSION = YES;
				CLANG_WARN_OBJC_ROOT_CLASS = YES_ERROR;
				CLANG_WARN_QUOTED_INCLUDE_IN_FRAMEWORK_HEADER = YES;
				CLANG_WARN_RANGE_LOOP_ANALYSIS = YES;
				CLANG_WARN_STRICT_PROTOTYPES = YES;
				CLANG_WARN_SUSPICIOUS_MOVE = YES;
				CLANG_WARN_UNGUARDED_AVAILABILITY = YES_AGGRESSIVE;
				CLANG_WARN_UNREACHABLE_CODE = YES;
				CLANG_WARN__DUPLICATE_METHOD_MATCH = YES;
				COPY_PHASE_STRIP = NO;
				DEBUG_INFORMATION_FORMAT = dwarf;
				ENABLE_STRICT_OBJC_MSGSEND = YES;
				ENABLE_TESTABILITY = YES;
				ENABLE_USER_SCRIPT_SANDBOXING = YES;
				GCC_C_LANGUAGE_STANDARD = gnu17;
				GCC_DYNAMIC_NO_PIC = NO;
				GCC_NO_COMMON_BLOCKS = YES;
				GCC_OPTIMIZATION_LEVEL = 0;
				GCC_PREPROCESSOR_DEFINITIONS = (
					"DEBUG=1",
					"$(inherited)",
				);
				GCC_WARN_64_TO_32_BIT_CONVERSION = YES;
				GCC_WARN_ABOUT_RETURN_TYPE = YES_ERROR;
				GCC_WARN_UNDECLARED_SELECTOR = YES;
				GCC_WARN_UNINITIALIZED_AUTOS = YES_AGGRESSIVE;
				GCC_WARN_UNUSED_FUNCTION = YES;
				GCC_WARN_UNUSED_VARIABLE = YES;
				IPHONEOS_DEPLOYMENT_TARGET = 17.4;
				LOCALIZATION_PREFERS_STRING_CATALOGS = YES;
				MTL_ENABLE_DEBUG_INFO = INCLUDE_SOURCE;
				MTL_FAST_MATH = YES;
				ONLY_ACTIVE_ARCH = YES;
				SDKROOT = iphoneos;
				SWIFT_ACTIVE_COMPILATION_CONDITIONS = "DEBUG $(inherited)";
				SWIFT_OPTIMIZATION_LEVEL = "-Onone";
			};
			name = Debug;
		};
		CB9D2B2F2BCEFCBD00EB29A5 /* Release */ = {
			isa = XCBuildConfiguration;
			buildSettings = {
				ALWAYS_SEARCH_USER_PATHS = NO;
				ASSETCATALOG_COMPILER_GENERATE_SWIFT_ASSET_SYMBOL_EXTENSIONS = YES;
				CLANG_ANALYZER_NONNULL = YES;
				CLANG_ANALYZER_NUMBER_OBJECT_CONVERSION = YES_AGGRESSIVE;
				CLANG_CXX_LANGUAGE_STANDARD = "gnu++20";
				CLANG_ENABLE_MODULES = YES;
				CLANG_ENABLE_OBJC_ARC = YES;
				CLANG_ENABLE_OBJC_WEAK = YES;
				CLANG_WARN_BLOCK_CAPTURE_AUTORELEASING = YES;
				CLANG_WARN_BOOL_CONVERSION = YES;
				CLANG_WARN_COMMA = YES;
				CLANG_WARN_CONSTANT_CONVERSION = YES;
				CLANG_WARN_DEPRECATED_OBJC_IMPLEMENTATIONS = YES;
				CLANG_WARN_DIRECT_OBJC_ISA_USAGE = YES_ERROR;
				CLANG_WARN_DOCUMENTATION_COMMENTS = YES;
				CLANG_WARN_EMPTY_BODY = YES;
				CLANG_WARN_ENUM_CONVERSION = YES;
				CLANG_WARN_INFINITE_RECURSION = YES;
				CLANG_WARN_INT_CONVERSION = YES;
				CLANG_WARN_NON_LITERAL_NULL_CONVERSION = YES;
				CLANG_WARN_OBJC_IMPLICIT_RETAIN_SELF = YES;
				CLANG_WARN_OBJC_LITERAL_CONVERSION = YES;
				CLANG_WARN_OBJC_ROOT_CLASS = YES_ERROR;
				CLANG_WARN_QUOTED_INCLUDE_IN_FRAMEWORK_HEADER = YES;
				CLANG_WARN_RANGE_LOOP_ANALYSIS = YES;
				CLANG_WARN_STRICT_PROTOTYPES = YES;
				CLANG_WARN_SUSPICIOUS_MOVE = YES;
				CLANG_WARN_UNGUARDED_AVAILABILITY = YES_AGGRESSIVE;
				CLANG_WARN_UNREACHABLE_CODE = YES;
				CLANG_WARN__DUPLICATE_METHOD_MATCH = YES;
				COPY_PHASE_STRIP = NO;
				DEBUG_INFORMATION_FORMAT = "dwarf-with-dsym";
				ENABLE_NS_ASSERTIONS = NO;
				ENABLE_STRICT_OBJC_MSGSEND = YES;
				ENABLE_USER_SCRIPT_SANDBOXING = YES;
				GCC_C_LANGUAGE_STANDARD = gnu17;
				GCC_NO_COMMON_BLOCKS = YES;
				GCC_WARN_64_TO_32_BIT_CONVERSION = YES;
				GCC_WARN_ABOUT_RETURN_TYPE = YES_ERROR;
				GCC_WARN_UNDECLARED_SELECTOR = YES;
				GCC_WARN_UNINITIALIZED_AUTOS = YES_AGGRESSIVE;
				GCC_WARN_UNUSED_FUNCTION = YES;
				GCC_WARN_UNUSED_VARIABLE = YES;
				IPHONEOS_DEPLOYMENT_TARGET = 17.4;
				LOCALIZATION_PREFERS_STRING_CATALOGS = YES;
				MTL_ENABLE_DEBUG_INFO = NO;
				MTL_FAST_MATH = YES;
				SDKROOT = iphoneos;
				SWIFT_COMPILATION_MODE = wholemodule;
				VALIDATE_PRODUCT = YES;
			};
			name = Release;
		};
		CB9D2B312BCEFCBD00EB29A5 /* Debug */ = {
			isa = XCBuildConfiguration;
			buildSettings = {
				ASSETCATALOG_COMPILER_APPICON_NAME = AppIcon;
				ASSETCATALOG_COMPILER_GLOBAL_ACCENT_COLOR_NAME = AccentColor;
				CODE_SIGN_STYLE = Automatic;
				CURRENT_PROJECT_VERSION = 1;
				DEVELOPMENT_ASSET_PATHS = "\"Appetizer/Preview Content\"";
				DEVELOPMENT_TEAM = K3MH9T5BG3;
				ENABLE_PREVIEWS = YES;
				GENERATE_INFOPLIST_FILE = YES;
				INFOPLIST_KEY_UIApplicationSceneManifest_Generation = YES;
				INFOPLIST_KEY_UIApplicationSupportsIndirectInputEvents = YES;
				INFOPLIST_KEY_UILaunchScreen_Generation = YES;
				INFOPLIST_KEY_UISupportedInterfaceOrientations_iPad = "UIInterfaceOrientationPortrait UIInterfaceOrientationPortraitUpsideDown UIInterfaceOrientationLandscapeLeft UIInterfaceOrientationLandscapeRight";
				INFOPLIST_KEY_UISupportedInterfaceOrientations_iPhone = "UIInterfaceOrientationPortrait UIInterfaceOrientationLandscapeLeft UIInterfaceOrientationLandscapeRight";
				LD_RUNPATH_SEARCH_PATHS = (
					"$(inherited)",
					"@executable_path/Frameworks",
				);
				MARKETING_VERSION = 1.0;
				PRODUCT_BUNDLE_IDENTIFIER = swift.Appetizer;
				PRODUCT_NAME = "$(TARGET_NAME)";
				SWIFT_EMIT_LOC_STRINGS = YES;
				SWIFT_VERSION = 5.0;
				TARGETED_DEVICE_FAMILY = "1,2";
			};
			name = Debug;
		};
		CB9D2B322BCEFCBD00EB29A5 /* Release */ = {
			isa = XCBuildConfiguration;
			buildSettings = {
				ASSETCATALOG_COMPILER_APPICON_NAME = AppIcon;
				ASSETCATALOG_COMPILER_GLOBAL_ACCENT_COLOR_NAME = AccentColor;
				CODE_SIGN_STYLE = Automatic;
				CURRENT_PROJECT_VERSION = 1;
				DEVELOPMENT_ASSET_PATHS = "\"Appetizer/Preview Content\"";
				DEVELOPMENT_TEAM = K3MH9T5BG3;
				ENABLE_PREVIEWS = YES;
				GENERATE_INFOPLIST_FILE = YES;
				INFOPLIST_KEY_UIApplicationSceneManifest_Generation = YES;
				INFOPLIST_KEY_UIApplicationSupportsIndirectInputEvents = YES;
				INFOPLIST_KEY_UILaunchScreen_Generation = YES;
				INFOPLIST_KEY_UISupportedInterfaceOrientations_iPad = "UIInterfaceOrientationPortrait UIInterfaceOrientationPortraitUpsideDown UIInterfaceOrientationLandscapeLeft UIInterfaceOrientationLandscapeRight";
				INFOPLIST_KEY_UISupportedInterfaceOrientations_iPhone = "UIInterfaceOrientationPortrait UIInterfaceOrientationLandscapeLeft UIInterfaceOrientationLandscapeRight";
				LD_RUNPATH_SEARCH_PATHS = (
					"$(inherited)",
					"@executable_path/Frameworks",
				);
				MARKETING_VERSION = 1.0;
				PRODUCT_BUNDLE_IDENTIFIER = swift.Appetizer;
				PRODUCT_NAME = "$(TARGET_NAME)";
				SWIFT_EMIT_LOC_STRINGS = YES;
				SWIFT_VERSION = 5.0;
				TARGETED_DEVICE_FAMILY = "1,2";
			};
			name = Release;
		};
/* End XCBuildConfiguration section */

/* Begin XCConfigurationList section */
		CB9D2B1D2BCEFCBB00EB29A5 /* Build configuration list for PBXProject "Appetizer" */ = {
			isa = XCConfigurationList;
			buildConfigurations = (
				CB9D2B2E2BCEFCBD00EB29A5 /* Debug */,
				CB9D2B2F2BCEFCBD00EB29A5 /* Release */,
			);
			defaultConfigurationIsVisible = 0;
			defaultConfigurationName = Release;
		};
		CB9D2B302BCEFCBD00EB29A5 /* Build configuration list for PBXNativeTarget "Appetizer" */ = {
			isa = XCConfigurationList;
			buildConfigurations = (
				CB9D2B312BCEFCBD00EB29A5 /* Debug */,
				CB9D2B322BCEFCBD00EB29A5 /* Release */,
			);
			defaultConfigurationIsVisible = 0;
			defaultConfigurationName = Release;
		};
/* End XCConfigurationList section */
	};
	rootObject = CB9D2B1A2BCEFCBB00EB29A5 /* Project object */;
}
